
Microsoft Visual Studio Solution File, Format Version 10.00
# Visual C# Express 2008
Project("{FAE04EC0-301F-11D3-BF4B-00C04F79EFBC}") = "ShootBlues", "..\ShootBlues\ShootBlues.csproj", "{25141725-8333-425F-B5B6-7E096A19608E}"
EndProject
Project("{FAE04EC0-301F-11D3-BF4B-00C04F79EFBC}") = "Squared.Task", "..\Fracture\Squared\TaskLib\Squared.Task.csproj", "{173ABDCA-7278-46FF-A300-D3BF8CCEF181}"
EndProject
Project("{FAE04EC0-301F-11D3-BF4B-00C04F79EFBC}") = "Squared.Util", "..\Fracture\Squared\Util\Squared.Util.csproj", "{D7F549CF-E0A6-491C-A78C-ECAB590BB2A7}"
EndProject
Project("{FAE04EC0-301F-11D3-BF4B-00C04F79EFBC}") = "DroneHelper", "DroneHelper\DroneHelper.csproj", "{E6301E60-01D0-403F-A9F9-D1FA3942CC79}"
EndProject
Project("{FAE04EC0-301F-11D3-BF4B-00C04F79EFBC}") = "Common", "Common\Common.csproj", "{390A5CD1-F8DE-491E-BECC-AD16FD237E50}"
EndProject
Project("{FAE04EC0-301F-11D3-BF4B-00C04F79EFBC}") = "Profile_Python", "..\ShootBlues\Profile_Python\Profile_Python.csproj", "{C6F9E9DE-1DD0-4017-9EDD-4DD929C51C26}"
EndProject
Project("{FAE04EC0-301F-11D3-BF4B-00C04F79EFBC}") = "Profile_EVE", "Profile_EVE\Profile_EVE.csproj", "{1AAF3970-0B14-4103-8473-6B442113E826}"
EndProject
Project("{FAE04EC0-301F-11D3-BF4B-00C04F79EFBC}") = "EnemyPrioritizer", "EnemyPrioritizer\EnemyPrioritizer.csproj", "{E5C92645-B67F-4F4E-936D-E258E8C6130E}"
EndProject
Project("{FAE04EC0-301F-11D3-BF4B-00C04F79EFBC}") = "ActiveTanker", "ActiveTanker\ActiveTanker.csproj", "{197163F4-45DF-4CAF-A836-4562D8570829}"
EndProject
Project("{FAE04EC0-301F-11D3-BF4B-00C04F79EFBC}") = "AutoTargeter", "AutoTargeter\AutoTargeter.csproj", "{CF82DAF8-A027-4DCE-958F-2AC4B6903BEE}"
EndProject
Project("{FAE04EC0-301F-11D3-BF4B-00C04F79EFBC}") = "TargetColors", "TargetColors\TargetColors.csproj", "{DAFCCDEB-9C2D-46C5-8B36-A615AB76AF2E}"
EndProject
Project("{FAE04EC0-301F-11D3-BF4B-00C04F79EFBC}") = "BroadcastHelper", "BroadcastHelper\BroadcastHelper.csproj", "{700A164F-5A98-43E3-A6CB-7A2432672D02}"
EndProject
Project("{FAE04EC0-301F-11D3-BF4B-00C04F79EFBC}") = "WeaponHelper", "WeaponHelper\WeaponHelper.csproj", "{B48EDA97-AF2F-4B61-B91F-A4DB314E8BE1}"
EndProject
Global
	GlobalSection(SolutionConfigurationPlatforms) = preSolution
		Debug|x86 = Debug|x86
		Release|x86 = Release|x86
	EndGlobalSection
	GlobalSection(ProjectConfigurationPlatforms) = postSolution
		{25141725-8333-425F-B5B6-7E096A19608E}.Debug|x86.ActiveCfg = Debug|x86
		{25141725-8333-425F-B5B6-7E096A19608E}.Debug|x86.Build.0 = Debug|x86
		{25141725-8333-425F-B5B6-7E096A19608E}.Release|x86.ActiveCfg = Release|x86
		{25141725-8333-425F-B5B6-7E096A19608E}.Release|x86.Build.0 = Release|x86
		{173ABDCA-7278-46FF-A300-D3BF8CCEF181}.Debug|x86.ActiveCfg = Debug|x86
		{173ABDCA-7278-46FF-A300-D3BF8CCEF181}.Debug|x86.Build.0 = Debug|x86
		{173ABDCA-7278-46FF-A300-D3BF8CCEF181}.Release|x86.ActiveCfg = Release|x86
		{173ABDCA-7278-46FF-A300-D3BF8CCEF181}.Release|x86.Build.0 = Release|x86
		{D7F549CF-E0A6-491C-A78C-ECAB590BB2A7}.Debug|x86.ActiveCfg = Debug|x86
		{D7F549CF-E0A6-491C-A78C-ECAB590BB2A7}.Debug|x86.Build.0 = Debug|x86
		{D7F549CF-E0A6-491C-A78C-ECAB590BB2A7}.Release|x86.ActiveCfg = Release|x86
		{D7F549CF-E0A6-491C-A78C-ECAB590BB2A7}.Release|x86.Build.0 = Release|x86
		{E6301E60-01D0-403F-A9F9-D1FA3942CC79}.Debug|x86.ActiveCfg = Debug|x86
		{E6301E60-01D0-403F-A9F9-D1FA3942CC79}.Debug|x86.Build.0 = Debug|x86
		{E6301E60-01D0-403F-A9F9-D1FA3942CC79}.Release|x86.ActiveCfg = Release|x86
		{E6301E60-01D0-403F-A9F9-D1FA3942CC79}.Release|x86.Build.0 = Release|x86
		{390A5CD1-F8DE-491E-BECC-AD16FD237E50}.Debug|x86.ActiveCfg = Debug|x86
		{390A5CD1-F8DE-491E-BECC-AD16FD237E50}.Debug|x86.Build.0 = Debug|x86
		{390A5CD1-F8DE-491E-BECC-AD16FD237E50}.Release|x86.ActiveCfg = Release|x86
		{390A5CD1-F8DE-491E-BECC-AD16FD237E50}.Release|x86.Build.0 = Release|x86
		{C6F9E9DE-1DD0-4017-9EDD-4DD929C51C26}.Debug|x86.ActiveCfg = Debug|x86
		{C6F9E9DE-1DD0-4017-9EDD-4DD929C51C26}.Debug|x86.Build.0 = Debug|x86
		{C6F9E9DE-1DD0-4017-9EDD-4DD929C51C26}.Release|x86.ActiveCfg = Release|x86
		{C6F9E9DE-1DD0-4017-9EDD-4DD929C51C26}.Release|x86.Build.0 = Release|x86
		{1AAF3970-0B14-4103-8473-6B442113E826}.Debug|x86.ActiveCfg = Debug|x86
		{1AAF3970-0B14-4103-8473-6B442113E826}.Debug|x86.Build.0 = Debug|x86
		{1AAF3970-0B14-4103-8473-6B442113E826}.Release|x86.ActiveCfg = Release|x86
		{1AAF3970-0B14-4103-8473-6B442113E826}.Release|x86.Build.0 = Release|x86
		{E5C92645-B67F-4F4E-936D-E258E8C6130E}.Debug|x86.ActiveCfg = Debug|x86
		{E5C92645-B67F-4F4E-936D-E258E8C6130E}.Debug|x86.Build.0 = Debug|x86
		{E5C92645-B67F-4F4E-936D-E258E8C6130E}.Release|x86.ActiveCfg = Release|x86
		{E5C92645-B67F-4F4E-936D-E258E8C6130E}.Release|x86.Build.0 = Release|x86
		{197163F4-45DF-4CAF-A836-4562D8570829}.Debug|x86.ActiveCfg = Debug|x86
		{197163F4-45DF-4CAF-A836-4562D8570829}.Debug|x86.Build.0 = Debug|x86
		{197163F4-45DF-4CAF-A836-4562D8570829}.Release|x86.ActiveCfg = Release|x86
		{197163F4-45DF-4CAF-A836-4562D8570829}.Release|x86.Build.0 = Release|x86
		{CF82DAF8-A027-4DCE-958F-2AC4B6903BEE}.Debug|x86.ActiveCfg = Debug|x86
		{CF82DAF8-A027-4DCE-958F-2AC4B6903BEE}.Debug|x86.Build.0 = Debug|x86
		{CF82DAF8-A027-4DCE-958F-2AC4B6903BEE}.Release|x86.ActiveCfg = Release|x86
		{CF82DAF8-A027-4DCE-958F-2AC4B6903BEE}.Release|x86.Build.0 = Release|x86
		{DAFCCDEB-9C2D-46C5-8B36-A615AB76AF2E}.Debug|x86.ActiveCfg = Debug|x86
		{DAFCCDEB-9C2D-46C5-8B36-A615AB76AF2E}.Debug|x86.Build.0 = Debug|x86
		{DAFCCDEB-9C2D-46C5-8B36-A615AB76AF2E}.Release|x86.ActiveCfg = Release|x86
		{DAFCCDEB-9C2D-46C5-8B36-A615AB76AF2E}.Release|x86.Build.0 = Release|x86
		{700A164F-5A98-43E3-A6CB-7A2432672D02}.Debug|x86.ActiveCfg = Debug|x86
		{700A164F-5A98-43E3-A6CB-7A2432672D02}.Debug|x86.Build.0 = Debug|x86
		{700A164F-5A98-43E3-A6CB-7A2432672D02}.Release|x86.ActiveCfg = Release|x86
		{700A164F-5A98-43E3-A6CB-7A2432672D02}.Release|x86.Build.0 = Release|x86
		{B48EDA97-AF2F-4B61-B91F-A4DB314E8BE1}.Debug|x86.ActiveCfg = Debug|x86
		{B48EDA97-AF2F-4B61-B91F-A4DB314E8BE1}.Debug|x86.Build.0 = Debug|x86
		{B48EDA97-AF2F-4B61-B91F-A4DB314E8BE1}.Release|x86.ActiveCfg = Release|x86
		{B48EDA97-AF2F-4B61-B91F-A4DB314E8BE1}.Release|x86.Build.0 = Release|x86
	EndGlobalSection
	GlobalSection(SolutionProperties) = preSolution
		HideSolutionNode = FALSE
	EndGlobalSection
EndGlobal
